{
  "version": "v1",
  "packages": {
    "@excalidraw/excalidraw": {
      "signature": "335a08efd6b7b670088795d6e8b11000",
      "file": true
    },
    "@excalidraw/common": {
      "signature": "ab075a1e7f9e5b215d4b03dece8cf1d4",
      "file": true
    },
    "@excalidraw/math": {
      "signature": "ad0373c299d813822ff699ef959ea590",
      "file": true
    },
    "@excalidraw/element": {
      "signature": "889010907939cd805b6b8905dca161f9",
      "file": true
    },
    "vortex-core-lib-js": {
      "signature": "9932cff848f1d1084225c7de12a2052d",
      "file": true
    }
  }
}