{
  "version": "v1",
  "packages": {
    "@excalidraw/excalidraw": {
      "signature": "6274b42e9ad63e0280f427961ffc91b4",
      "file": true
    },
    "@excalidraw/common": {
      "signature": "5cba030d8cf590c1362e6ff162716321",
      "file": true
    },
    "@excalidraw/math": {
      "signature": "498d6733e4fca5dee0625195cdd975b6",
      "file": true
    },
    "@excalidraw/element": {
      "signature": "55facf76e05da848a7dcffb8352fc5a0",
      "file": true
    },
    "vortex-core-lib-js": {
      "signature": "540b0a8320128e38140e9da6d43d0e25",
      "file": true
    }
  }
}